
Microsoft Visual Studio Solution File, Format Version 12.00
# Visual Studio Version 17
VisualStudioVersion = 17.8.34511.84
MinimumVisualStudioVersion = 10.0.40219.1
Project("{9A19103F-16F7-4668-BE54-9A1E7A4F7556}") = "HackerNews", "HackerNews\HackerNews.csproj", "{6F05777C-A8F9-45E0-97A0-48537404C6B1}"
EndProject
Project("{FAE04EC0-301F-11D3-BF4B-00C04F79EFBC}") = "HackerNews.Tests", "HackerNews.Tests\HackerNews.Tests.csproj", "{45ABC642-244A-459C-B316-0A5516396FCF}"
EndProject
Global
	GlobalSection(SolutionConfigurationPlatforms) = preSolution
		Debug|Any CPU = Debug|Any CPU
		Release|Any CPU = Release|Any CPU
	EndGlobalSection
	GlobalSection(ProjectConfigurationPlatforms) = postSolution
		{6F05777C-A8F9-45E0-97A0-48537404C6B1}.Debug|Any CPU.ActiveCfg = Debug|Any CPU
		{6F05777C-A8F9-45E0-97A0-48537404C6B1}.Debug|Any CPU.Build.0 = Debug|Any CPU
		{6F05777C-A8F9-45E0-97A0-48537404C6B1}.Release|Any CPU.ActiveCfg = Release|Any CPU
		{6F05777C-A8F9-45E0-97A0-48537404C6B1}.Release|Any CPU.Build.0 = Release|Any CPU
		{45ABC642-244A-459C-B316-0A5516396FCF}.Debug|Any CPU.ActiveCfg = Debug|Any CPU
		{45ABC642-244A-459C-B316-0A5516396FCF}.Debug|Any CPU.Build.0 = Debug|Any CPU
		{45ABC642-244A-459C-B316-0A5516396FCF}.Release|Any CPU.ActiveCfg = Release|Any CPU
		{45ABC642-244A-459C-B316-0A5516396FCF}.Release|Any CPU.Build.0 = Release|Any CPU
	EndGlobalSection
	GlobalSection(SolutionProperties) = preSolution
		HideSolutionNode = FALSE
	EndGlobalSection
	GlobalSection(ExtensibilityGlobals) = postSolution
		SolutionGuid = {5F054781-8C04-4E68-A543-EEBD4F7B3CD8}
	EndGlobalSection
EndGlobal
